dependencies:
- name: grafana
  repository: https://grafana.github.io/helm-charts
  version: 6.0.1
- name: prometheus
  repository: https://prometheus-community.github.io/helm-charts/
  version: 11.16.7
digest: sha256:80d047792107d98ae97860aa25cdac8b48226318e7f26860e9615391652c491d
generated: "2020-11-03T02:38:47.430328+01:00"
